
Microsoft Visual Studio Solution File, Format Version 12.00
# Visual Studio Version 17
VisualStudioVersion = 17.4.33110.190
MinimumVisualStudioVersion = 10.0.40219.1
Project("{FAE04EC0-301F-11D3-BF4B-00C04F79EFBC}") = "QuizApp", "QuizApp.csproj", "{4AA941AE-7103-4DD2-9E1B-3EBA4E8088D9}"
EndProject
Global
	GlobalSection(SolutionConfigurationPlatforms) = preSolution
		Debug|Any CPU = Debug|Any CPU
		Release|Any CPU = Release|Any CPU
	EndGlobalSection
	GlobalSection(ProjectConfigurationPlatforms) = postSolution
		{4AA941AE-7103-4DD2-9E1B-3EBA4E8088D9}.Debug|Any CPU.ActiveCfg = Debug|Any CPU
		{4AA941AE-7103-4DD2-9E1B-3EBA4E8088D9}.Debug|Any CPU.Build.0 = Debug|Any CPU
		{4AA941AE-7103-4DD2-9E1B-3EBA4E8088D9}.Release|Any CPU.ActiveCfg = Release|Any CPU
		{4AA941AE-7103-4DD2-9E1B-3EBA4E8088D9}.Release|Any CPU.Build.0 = Release|Any CPU
	EndGlobalSection
	GlobalSection(SolutionProperties) = preSolution
		HideSolutionNode = FALSE
	EndGlobalSection
	GlobalSection(ExtensibilityGlobals) = postSolution
		SolutionGuid = {7110CBD4-E704-4C43-9D45-DC67BF4A93B0}
	EndGlobalSection
EndGlobal
